
Microsoft Visual Studio Solution File, Format Version 12.00
# Visual Studio 14
VisualStudioVersion = 14.0.24720.0
MinimumVisualStudioVersion = 10.0.40219.1
Project("{FAE04EC0-301F-11D3-BF4B-00C04F79EFBC}") = "Fizzbuzz", "Fizzbuzz\Fizzbuzz.csproj", "{2977D6F5-81B0-46DD-B3BC-7C38EC535627}"
EndProject
Global
	GlobalSection(SolutionConfigurationPlatforms) = preSolution
		Debug|Any CPU = Debug|Any CPU
		Release|Any CPU = Release|Any CPU
	EndGlobalSection
	GlobalSection(ProjectConfigurationPlatforms) = postSolution
		{2977D6F5-81B0-46DD-B3BC-7C38EC535627}.Debug|Any CPU.ActiveCfg = Debug|Any CPU
		{2977D6F5-81B0-46DD-B3BC-7C38EC535627}.Debug|Any CPU.Build.0 = Debug|Any CPU
		{2977D6F5-81B0-46DD-B3BC-7C38EC535627}.Release|Any CPU.ActiveCfg = Release|Any CPU
		{2977D6F5-81B0-46DD-B3BC-7C38EC535627}.Release|Any CPU.Build.0 = Release|Any CPU
	EndGlobalSection
	GlobalSection(SolutionProperties) = preSolution
		HideSolutionNode = FALSE
	EndGlobalSection
EndGlobal
